<?xml version="1.0" encoding="utf-8"?>
<Project ToolsVersion="4.0" xmlns="http://schemas.microsoft.com/developer/msbuild/2003">
  <ItemGroup>
    <Filter Include="Source Files">
      <UniqueIdentifier>{7e0a7cd0-d9b4-4d1a-b3b8-cedaa44b7dd5}</UniqueIdentifier>
      <Extensions>cpp;c;cxx;rc;def;r;odl;idl;hpj;bat</Extensions>
    </Filter>
    <Filter Include="Header Files">
      <UniqueIdentifier>{7c98fd60-39e2-40dc-84cf-8de1d661f7d7}</UniqueIdentifier>
      <Extensions>h;hpp;hxx;hm;inl</Extensions>
    </Filter>
    <Filter Include="Resource Files">
      <UniqueIdentifier>{948a96a1-4cb9-4ec9-b0f5-b87c30ccbaa5}</UniqueIdentifier>
      <Extensions>ico;cur;bmp;dlg;rc2;rct;bin;rgs;gif;jpg;jpeg;jpe</Extensions>
    </Filter>
  </ItemGroup>
  <ItemGroup>
    <ClCompile Include="ExListBox.cpp">
      <Filter>Source Files</Filter>
    </ClCompile>
    <ClCompile Include="ExListBoxDemo.cpp">
      <Filter>Source Files</Filter>
    </ClCompile>
    <ClCompile Include="ExListBoxDemoDlg.cpp">
      <Filter>Source Files</Filter>
    </ClCompile>
    <ClCompile Include="StdAfx.cpp">
      <Filter>Source Files</Filter>
    </ClCompile>
  </ItemGroup>
  <ItemGroup>
    <ResourceCompile Include="ExListBoxDemo.rc">
      <Filter>Source Files</Filter>
    </ResourceCompile>
  </ItemGroup>
  <ItemGroup>
    <ClInclude Include="ExListBox.h">
      <Filter>Header Files</Filter>
    </ClInclude>
    <ClInclude Include="ExListBoxDemo.h">
      <Filter>Header Files</Filter>
    </ClInclude>
    <ClInclude Include="ExListBoxDemoDlg.h">
      <Filter>Header Files</Filter>
    </ClInclude>
    <ClInclude Include="Resource.h">
      <Filter>Header Files</Filter>
    </ClInclude>
    <ClInclude Include="StdAfx.h">
      <Filter>Header Files</Filter>
    </ClInclude>
  </ItemGroup>
  <ItemGroup>
    <CustomBuild Include="res\ExListBoxDemo.ico">
      <Filter>Resource Files</Filter>
    </CustomBuild>
    <CustomBuild Include="res\ExListBoxDemo.rc2">
      <Filter>Resource Files</Filter>
    </CustomBuild>
    <CustomBuild Include="ReadMe.txt" />
  </ItemGroup>
</Project>