<?xml version="1.0" encoding="utf-8"?>
<Project ToolsVersion="4.0" xmlns="http://schemas.microsoft.com/developer/msbuild/2003">
  <ItemGroup>
    <Filter Include="Source Files">
      <UniqueIdentifier>{df7d0338-0455-4f5e-8787-e17a470be1c4}</UniqueIdentifier>
      <Extensions>cpp;c;cxx;rc;def;r;odl;idl;hpj;bat</Extensions>
    </Filter>
    <Filter Include="Header Files">
      <UniqueIdentifier>{8c0117a6-d36d-42f8-979c-6f63f0a14f27}</UniqueIdentifier>
      <Extensions>h;hpp;hxx;hm;inl</Extensions>
    </Filter>
  </ItemGroup>
  <ItemGroup>
    <ClCompile Include="allcodecs.c">
      <Filter>Source Files</Filter>
    </ClCompile>
    <ClCompile Include="cabac.c">
      <Filter>Source Files</Filter>
    </ClCompile>
    <ClCompile Include="common.c">
      <Filter>Source Files</Filter>
    </ClCompile>
    <ClCompile Include="dsputil.c">
      <Filter>Source Files</Filter>
    </ClCompile>
    <ClCompile Include="error_resilience.c">
      <Filter>Source Files</Filter>
    </ClCompile>
    <ClCompile Include="golomb.c">
      <Filter>Source Files</Filter>
    </ClCompile>
    <ClCompile Include="h264.c">
      <Filter>Source Files</Filter>
    </ClCompile>
    <ClCompile Include="imgconvert.c">
      <Filter>Source Files</Filter>
    </ClCompile>
    <ClCompile Include="jrevdct.c">
      <Filter>Source Files</Filter>
    </ClCompile>
    <ClCompile Include="mem.c">
      <Filter>Source Files</Filter>
    </ClCompile>
    <ClCompile Include="mpegvideo.c">
      <Filter>Source Files</Filter>
    </ClCompile>
    <ClCompile Include="parser.c">
      <Filter>Source Files</Filter>
    </ClCompile>
    <ClCompile Include="simple_idct.c">
      <Filter>Source Files</Filter>
    </ClCompile>
    <ClCompile Include="utils.c">
      <Filter>Source Files</Filter>
    </ClCompile>
    <ClCompile Include="vp3dsp.c">
      <Filter>Source Files</Filter>
    </ClCompile>
  </ItemGroup>
  <ItemGroup>
    <ClInclude Include="avcodec.h">
      <Filter>Header Files</Filter>
    </ClInclude>
    <ClInclude Include="bswap.h">
      <Filter>Header Files</Filter>
    </ClInclude>
    <ClInclude Include="cabac.h">
      <Filter>Header Files</Filter>
    </ClInclude>
    <ClInclude Include="common.h">
      <Filter>Header Files</Filter>
    </ClInclude>
    <ClInclude Include="config.h">
      <Filter>Header Files</Filter>
    </ClInclude>
    <ClInclude Include="dsputil.h">
      <Filter>Header Files</Filter>
    </ClInclude>
    <ClInclude Include="golomb.h">
      <Filter>Header Files</Filter>
    </ClInclude>
    <ClInclude Include="h264data.h">
      <Filter>Header Files</Filter>
    </ClInclude>
    <ClInclude Include="inttypes.h">
      <Filter>Header Files</Filter>
    </ClInclude>
    <ClInclude Include="mpegvideo.h">
      <Filter>Header Files</Filter>
    </ClInclude>
    <ClInclude Include="rational.h">
      <Filter>Header Files</Filter>
    </ClInclude>
    <ClInclude Include="simple_idct.h">
      <Filter>Header Files</Filter>
    </ClInclude>
    <ClInclude Include="vp3data.h">
      <Filter>Header Files</Filter>
    </ClInclude>
  </ItemGroup>
</Project>