
Microsoft Visual Studio Solution File, Format Version 12.00
# Visual Studio 15
VisualStudioVersion = 15.0.28307.421
MinimumVisualStudioVersion = 10.0.40219.1
Project("{2150E333-8FDC-42A3-9474-1A3956D46DE8}") = "1_module", "1_module", "{9BBE7ADF-84E2-4FCD-9918-2873213FE365}"
EndProject
Project("{2150E333-8FDC-42A3-9474-1A3956D46DE8}") = "ch02", "ch02", "{16E1F9CC-ABD9-4105-84E1-E24CB7574C4D}"
EndProject
Project("{8BC9CEB8-8B4A-11D0-8D11-00A0C91BC942}") = "carrots", "module\ch02\carrots\carrots.vcxproj", "{3CFD8D3C-5D69-47BF-9E96-BCD6AC473C8C}"
EndProject
Project("{8BC9CEB8-8B4A-11D0-8D11-00A0C91BC942}") = "convert", "module\ch02\convert\convert.vcxproj", "{BBFC0D97-F8F6-4557-B994-523B43E09012}"
EndProject
Project("{8BC9CEB8-8B4A-11D0-8D11-00A0C91BC942}") = "getinfo", "module\ch02\getinfo\getinfo.vcxproj", "{668B19B4-375F-4046-9593-A71702F1DCA7}"
EndProject
Project("{8BC9CEB8-8B4A-11D0-8D11-00A0C91BC942}") = "myfirst", "module\ch02\myfirst\myfirst.vcxproj", "{DA969ED2-85B6-4AE2-B3A7-D77376DB4CE7}"
EndProject
Project("{8BC9CEB8-8B4A-11D0-8D11-00A0C91BC942}") = "ourfunc", "module\ch02\ourfunc\ourfunc.vcxproj", "{8BA11907-A25F-4507-9100-8B64F130EDF7}"
EndProject
Project("{8BC9CEB8-8B4A-11D0-8D11-00A0C91BC942}") = "sqrt", "module\ch02\sqrt\sqrt.vcxproj", "{3716A920-0AC1-40DA-9829-F156F2F91786}"
EndProject
Project("{2150E333-8FDC-42A3-9474-1A3956D46DE8}") = "ch03", "ch03", "{325D2213-6E28-4278-A387-51DA8AEE041E}"
EndProject
Project("{8BC9CEB8-8B4A-11D0-8D11-00A0C91BC942}") = "arith", "module\ch03\arith\arith.vcxproj", "{D30B3E2E-7ABF-4F00-B370-B1B67E635975}"
EndProject
Global
	GlobalSection(SolutionConfigurationPlatforms) = preSolution
		Debug|x64 = Debug|x64
		Release|x64 = Release|x64
	EndGlobalSection
	GlobalSection(ProjectConfigurationPlatforms) = postSolution
		{3CFD8D3C-5D69-47BF-9E96-BCD6AC473C8C}.Debug|x64.ActiveCfg = Debug|x64
		{3CFD8D3C-5D69-47BF-9E96-BCD6AC473C8C}.Debug|x64.Build.0 = Debug|x64
		{3CFD8D3C-5D69-47BF-9E96-BCD6AC473C8C}.Release|x64.ActiveCfg = Release|x64
		{3CFD8D3C-5D69-47BF-9E96-BCD6AC473C8C}.Release|x64.Build.0 = Release|x64
		{BBFC0D97-F8F6-4557-B994-523B43E09012}.Debug|x64.ActiveCfg = Debug|x64
		{BBFC0D97-F8F6-4557-B994-523B43E09012}.Debug|x64.Build.0 = Debug|x64
		{BBFC0D97-F8F6-4557-B994-523B43E09012}.Release|x64.ActiveCfg = Release|x64
		{BBFC0D97-F8F6-4557-B994-523B43E09012}.Release|x64.Build.0 = Release|x64
		{668B19B4-375F-4046-9593-A71702F1DCA7}.Debug|x64.ActiveCfg = Debug|x64
		{668B19B4-375F-4046-9593-A71702F1DCA7}.Debug|x64.Build.0 = Debug|x64
		{668B19B4-375F-4046-9593-A71702F1DCA7}.Release|x64.ActiveCfg = Release|x64
		{668B19B4-375F-4046-9593-A71702F1DCA7}.Release|x64.Build.0 = Release|x64
		{DA969ED2-85B6-4AE2-B3A7-D77376DB4CE7}.Debug|x64.ActiveCfg = Debug|x64
		{DA969ED2-85B6-4AE2-B3A7-D77376DB4CE7}.Debug|x64.Build.0 = Debug|x64
		{DA969ED2-85B6-4AE2-B3A7-D77376DB4CE7}.Release|x64.ActiveCfg = Release|x64
		{DA969ED2-85B6-4AE2-B3A7-D77376DB4CE7}.Release|x64.Build.0 = Release|x64
		{8BA11907-A25F-4507-9100-8B64F130EDF7}.Debug|x64.ActiveCfg = Debug|x64
		{8BA11907-A25F-4507-9100-8B64F130EDF7}.Debug|x64.Build.0 = Debug|x64
		{8BA11907-A25F-4507-9100-8B64F130EDF7}.Release|x64.ActiveCfg = Release|x64
		{8BA11907-A25F-4507-9100-8B64F130EDF7}.Release|x64.Build.0 = Release|x64
		{3716A920-0AC1-40DA-9829-F156F2F91786}.Debug|x64.ActiveCfg = Debug|x64
		{3716A920-0AC1-40DA-9829-F156F2F91786}.Debug|x64.Build.0 = Debug|x64
		{3716A920-0AC1-40DA-9829-F156F2F91786}.Release|x64.ActiveCfg = Release|x64
		{3716A920-0AC1-40DA-9829-F156F2F91786}.Release|x64.Build.0 = Release|x64
		{D30B3E2E-7ABF-4F00-B370-B1B67E635975}.Debug|x64.ActiveCfg = Debug|x64
		{D30B3E2E-7ABF-4F00-B370-B1B67E635975}.Debug|x64.Build.0 = Debug|x64
		{D30B3E2E-7ABF-4F00-B370-B1B67E635975}.Release|x64.ActiveCfg = Release|x64
		{D30B3E2E-7ABF-4F00-B370-B1B67E635975}.Release|x64.Build.0 = Release|x64
	EndGlobalSection
	GlobalSection(SolutionProperties) = preSolution
		HideSolutionNode = FALSE
	EndGlobalSection
	GlobalSection(NestedProjects) = preSolution
		{16E1F9CC-ABD9-4105-84E1-E24CB7574C4D} = {9BBE7ADF-84E2-4FCD-9918-2873213FE365}
		{3CFD8D3C-5D69-47BF-9E96-BCD6AC473C8C} = {16E1F9CC-ABD9-4105-84E1-E24CB7574C4D}
		{BBFC0D97-F8F6-4557-B994-523B43E09012} = {16E1F9CC-ABD9-4105-84E1-E24CB7574C4D}
		{668B19B4-375F-4046-9593-A71702F1DCA7} = {16E1F9CC-ABD9-4105-84E1-E24CB7574C4D}
		{DA969ED2-85B6-4AE2-B3A7-D77376DB4CE7} = {16E1F9CC-ABD9-4105-84E1-E24CB7574C4D}
		{8BA11907-A25F-4507-9100-8B64F130EDF7} = {16E1F9CC-ABD9-4105-84E1-E24CB7574C4D}
		{3716A920-0AC1-40DA-9829-F156F2F91786} = {16E1F9CC-ABD9-4105-84E1-E24CB7574C4D}
		{325D2213-6E28-4278-A387-51DA8AEE041E} = {9BBE7ADF-84E2-4FCD-9918-2873213FE365}
		{D30B3E2E-7ABF-4F00-B370-B1B67E635975} = {325D2213-6E28-4278-A387-51DA8AEE041E}
	EndGlobalSection
	GlobalSection(ExtensibilityGlobals) = postSolution
		SolutionGuid = {0A8CEE52-492A-4393-9DD8-1A14948800DE}
	EndGlobalSection
EndGlobal
