<?xml version="1.0" encoding="utf-8"?>
<Project ToolsVersion="4.0" xmlns="http://schemas.microsoft.com/developer/msbuild/2003">
  <ItemGroup>
    <Filter Include="Source Files">
      <UniqueIdentifier>{30ed5d91-dcb5-4235-93e1-193d769a30eb}</UniqueIdentifier>
      <Extensions>cpp;c;cxx;def;odl;idl;hpj;bat;asm</Extensions>
    </Filter>
    <Filter Include="Generated Files">
      <UniqueIdentifier>{c6fa1d92-25b3-41dd-901a-50513b1d2a32}</UniqueIdentifier>
      <SourceControlFiles>False</SourceControlFiles>
    </Filter>
  </ItemGroup>
  <ItemGroup>
    <None Include="ClassicATLDiceSvrps.def">
      <Filter>Source Files</Filter>
    </None>
  </ItemGroup>
  <ItemGroup>
    <ClCompile Include="ClassicATLDiceSvr_i.c">
      <Filter>Generated Files</Filter>
    </ClCompile>
    <ClCompile Include="ClassicATLDiceSvr_p.c">
      <Filter>Generated Files</Filter>
    </ClCompile>
    <ClCompile Include="dlldata.c">
      <Filter>Generated Files</Filter>
    </ClCompile>
  </ItemGroup>
</Project>